// !$*UTF8*$!
{
	archiveVersion = 1;
	classes = {
	};
	objectVersion = 56;
	objects = {

/* Begin PBXBuildFile section */
		3E0D75642AF7A32800211752 /* AppDelegate.swift in Sources */ = {isa = PBXBuildFile; fileRef = 3E0D75632AF7A32800211752 /* AppDelegate.swift */; };
		3E0D75662AF7A32800211752 /* SceneDelegate.swift in Sources */ = {isa = PBXBuildFile; fileRef = 3E0D75652AF7A32800211752 /* SceneDelegate.swift */; };
		3E0D75682AF7A32800211752 /* ViewController.swift in Sources */ = {isa = PBXBuildFile; fileRef = 3E0D75672AF7A32800211752 /* ViewController.swift */; };
		3E0D756B2AF7A32800211752 /* Main.storyboard in Resources */ = {isa = PBXBuildFile; fileRef = 3E0D75692AF7A32800211752 /* Main.storyboard */; };
		3E0D756D2AF7A32800211752 /* Assets.xcassets in Resources */ = {isa = PBXBuildFile; fileRef = 3E0D756C2AF7A32800211752 /* Assets.xcassets */; };
		3E0D75702AF7A32800211752 /* LaunchScreen.storyboard in Resources */ = {isa = PBXBuildFile; fileRef = 3E0D756E2AF7A32800211752 /* LaunchScreen.storyboard */; };
		3E0D75782AF7A49000211752 /* TCARxSwift.podspec in Resources */ = {isa = PBXBuildFile; fileRef = 3E0D75772AF7A49000211752 /* TCARxSwift.podspec */; };
		3E0D757A2AF7A5F300211752 /* TestAAA.swift in Sources */ = {isa = PBXBuildFile; fileRef = 3E0D75792AF7A5F300211752 /* TestAAA.swift */; };
		FDB8587004823B69F8AC0F01 /* Pods_TCARxSwift.framework in Frameworks */ = {isa = PBXBuildFile; fileRef = 7106562560BE58439A431E6B /* Pods_TCARxSwift.framework */; };
/* End PBXBuildFile section */

/* Begin PBXFileReference section */
		3E0D75602AF7A32800211752 /* TCARxSwift.app */ = {isa = PBXFileReference; explicitFileType = wrapper.application; includeInIndex = 0; path = TCARxSwift.app; sourceTree = BUILT_PRODUCTS_DIR; };
		3E0D75632AF7A32800211752 /* AppDelegate.swift */ = {isa = PBXFileReference; lastKnownFileType = sourcecode.swift; path = AppDelegate.swift; sourceTree = "<group>"; };
		3E0D75652AF7A32800211752 /* SceneDelegate.swift */ = {isa = PBXFileReference; lastKnownFileType = sourcecode.swift; path = SceneDelegate.swift; sourceTree = "<group>"; };
		3E0D75672AF7A32800211752 /* ViewController.swift */ = {isa = PBXFileReference; lastKnownFileType = sourcecode.swift; path = ViewController.swift; sourceTree = "<group>"; };
		3E0D756A2AF7A32800211752 /* Base */ = {isa = PBXFileReference; lastKnownFileType = file.storyboard; name = Base; path = Base.lproj/Main.storyboard; sourceTree = "<group>"; };
		3E0D756C2AF7A32800211752 /* Assets.xcassets */ = {isa = PBXFileReference; lastKnownFileType = folder.assetcatalog; path = Assets.xcassets; sourceTree = "<group>"; };
		3E0D756F2AF7A32800211752 /* Base */ = {isa = PBXFileReference; lastKnownFileType = file.storyboard; name = Base; path = Base.lproj/LaunchScreen.storyboard; sourceTree = "<group>"; };
		3E0D75712AF7A32800211752 /* Info.plist */ = {isa = PBXFileReference; lastKnownFileType = text.plist.xml; path = Info.plist; sourceTree = "<group>"; };
		3E0D75772AF7A49000211752 /* TCARxSwift.podspec */ = {isa = PBXFileReference; fileEncoding = 4; lastKnownFileType = text; path = TCARxSwift.podspec; sourceTree = "<group>"; };
		3E0D75792AF7A5F300211752 /* TestAAA.swift */ = {isa = PBXFileReference; lastKnownFileType = sourcecode.swift; path = TestAAA.swift; sourceTree = "<group>"; };
		54A70F673B7C310146A124D4 /* Pods-TCARxSwift.release.xcconfig */ = {isa = PBXFileReference; includeInIndex = 1; lastKnownFileType = text.xcconfig; name = "Pods-TCARxSwift.release.xcconfig"; path = "Target Support Files/Pods-TCARxSwift/Pods-TCARxSwift.release.xcconfig"; sourceTree = "<group>"; };
		5CC862EBA36BBB4DC62B396F /* Pods-TCARxSwift.debug.xcconfig */ = {isa = PBXFileReference; includeInIndex = 1; lastKnownFileType = text.xcconfig; name = "Pods-TCARxSwift.debug.xcconfig"; path = "Target Support Files/Pods-TCARxSwift/Pods-TCARxSwift.debug.xcconfig"; sourceTree = "<group>"; };
		7106562560BE58439A431E6B /* Pods_TCARxSwift.framework */ = {isa = PBXFileReference; explicitFileType = wrapper.framework; includeInIndex = 0; path = Pods_TCARxSwift.framework; sourceTree = BUILT_PRODUCTS_DIR; };
/* End PBXFileReference section */

/* Begin PBXFrameworksBuildPhase section */
		3E0D755D2AF7A32800211752 /* Frameworks */ = {
			isa = PBXFrameworksBuildPhase;
			buildActionMask = 2147483647;
			files = (
				FDB8587004823B69F8AC0F01 /* Pods_TCARxSwift.framework in Frameworks */,
			);
			runOnlyForDeploymentPostprocessing = 0;
		};
/* End PBXFrameworksBuildPhase section */

/* Begin PBXGroup section */
		1DDD4E7C683AA80144FE1350 /* Pods */ = {
			isa = PBXGroup;
			children = (
				5CC862EBA36BBB4DC62B396F /* Pods-TCARxSwift.debug.xcconfig */,
				54A70F673B7C310146A124D4 /* Pods-TCARxSwift.release.xcconfig */,
			);
			path = Pods;
			sourceTree = "<group>";
		};
		3E0D75572AF7A32800211752 = {
			isa = PBXGroup;
			children = (
				3E0D75772AF7A49000211752 /* TCARxSwift.podspec */,
				3E0D75622AF7A32800211752 /* TCARxSwift */,
				3E0D75612AF7A32800211752 /* Products */,
				1DDD4E7C683AA80144FE1350 /* Pods */,
				81C63B4705A9B8AB6324CAF8 /* Frameworks */,
			);
			sourceTree = "<group>";
		};
		3E0D75612AF7A32800211752 /* Products */ = {
			isa = PBXGroup;
			children = (
				3E0D75602AF7A32800211752 /* TCARxSwift.app */,
			);
			name = Products;
			sourceTree = "<group>";
		};
		3E0D75622AF7A32800211752 /* TCARxSwift */ = {
			isa = PBXGroup;
			children = (
				3E0D75632AF7A32800211752 /* AppDelegate.swift */,
				3E0D75652AF7A32800211752 /* SceneDelegate.swift */,
				3E0D75792AF7A5F300211752 /* TestAAA.swift */,
				3E0D75672AF7A32800211752 /* ViewController.swift */,
				3E0D75692AF7A32800211752 /* Main.storyboard */,
				3E0D756C2AF7A32800211752 /* Assets.xcassets */,
				3E0D756E2AF7A32800211752 /* LaunchScreen.storyboard */,
				3E0D75712AF7A32800211752 /* Info.plist */,
			);
			path = TCARxSwift;
			sourceTree = "<group>";
		};
		81C63B4705A9B8AB6324CAF8 /* Frameworks */ = {
			isa = PBXGroup;
			children = (
				7106562560BE58439A431E6B /* Pods_TCARxSwift.framework */,
			);
			name = Frameworks;
			sourceTree = "<group>";
		};
/* End PBXGroup section */

/* Begin PBXNativeTarget section */
		3E0D755F2AF7A32800211752 /* TCARxSwift */ = {
			isa = PBXNativeTarget;
			buildConfigurationList = 3E0D75742AF7A32800211752 /* Build configuration list for PBXNativeTarget "TCARxSwift" */;
			buildPhases = (
				3F9A3AD57A7D82E0F38B1B6E /* [CP] Check Pods Manifest.lock */,
				3E0D755C2AF7A32800211752 /* Sources */,
				3E0D755D2AF7A32800211752 /* Frameworks */,
				3E0D755E2AF7A32800211752 /* Resources */,
				4E3A8BB454D33599DDE0D3EC /* [CP] Embed Pods Frameworks */,
			);
			buildRules = (
			);
			dependencies = (
			);
			name = TCARxSwift;
			productName = TCARxSwift;
			productReference = 3E0D75602AF7A32800211752 /* TCARxSwift.app */;
			productType = "com.apple.product-type.application";
		};
/* End PBXNativeTarget section */

/* Begin PBXProject section */
		3E0D75582AF7A32800211752 /* Project object */ = {
			isa = PBXProject;
			attributes = {
				BuildIndependentTargetsInParallel = 1;
				LastSwiftUpdateCheck = 1500;
				LastUpgradeCheck = 1500;
				TargetAttributes = {
					3E0D755F2AF7A32800211752 = {
						CreatedOnToolsVersion = 15.0.1;
					};
				};
			};
			buildConfigurationList = 3E0D755B2AF7A32800211752 /* Build configuration list for PBXProject "TCARxSwift" */;
			compatibilityVersion = "Xcode 14.0";
			developmentRegion = en;
			hasScannedForEncodings = 0;
			knownRegions = (
				en,
				Base,
			);
			mainGroup = 3E0D75572AF7A32800211752;
			productRefGroup = 3E0D75612AF7A32800211752 /* Products */;
			projectDirPath = "";
			projectRoot = "";
			targets = (
				3E0D755F2AF7A32800211752 /* TCARxSwift */,
			);
		};
/* End PBXProject section */

/* Begin PBXResourcesBuildPhase section */
		3E0D755E2AF7A32800211752 /* Resources */ = {
			isa = PBXResourcesBuildPhase;
			buildActionMask = 2147483647;
			files = (
				3E0D75702AF7A32800211752 /* LaunchScreen.storyboard in Resources */,
				3E0D75782AF7A49000211752 /* TCARxSwift.podspec in Resources */,
				3E0D756D2AF7A32800211752 /* Assets.xcassets in Resources */,
				3E0D756B2AF7A32800211752 /* Main.storyboard in Resources */,
			);
			runOnlyForDeploymentPostprocessing = 0;
		};
/* End PBXResourcesBuildPhase section */

/* Begin PBXShellScriptBuildPhase section */
		3F9A3AD57A7D82E0F38B1B6E /* [CP] Check Pods Manifest.lock */ = {
			isa = PBXShellScriptBuildPhase;
			buildActionMask = 2147483647;
			files = (
			);
			inputFileListPaths = (
			);
			inputPaths = (
				"${PODS_PODFILE_DIR_PATH}/Podfile.lock",
				"${PODS_ROOT}/Manifest.lock",
			);
			name = "[CP] Check Pods Manifest.lock";
			outputFileListPaths = (
			);
			outputPaths = (
				"$(DERIVED_FILE_DIR)/Pods-TCARxSwift-checkManifestLockResult.txt",
			);
			runOnlyForDeploymentPostprocessing = 0;
			shellPath = /bin/sh;
			shellScript = "diff \"${PODS_PODFILE_DIR_PATH}/Podfile.lock\" \"${PODS_ROOT}/Manifest.lock\" > /dev/null\nif [ $? != 0 ] ; then\n    # print error to STDERR\n    echo \"error: The sandbox is not in sync with the Podfile.lock. Run 'pod install' or update your CocoaPods installation.\" >&2\n    exit 1\nfi\n# This output is used by Xcode 'outputs' to avoid re-running this script phase.\necho \"SUCCESS\" > \"${SCRIPT_OUTPUT_FILE_0}\"\n";
			showEnvVarsInLog = 0;
		};
		4E3A8BB454D33599DDE0D3EC /* [CP] Embed Pods Frameworks */ = {
			isa = PBXShellScriptBuildPhase;
			buildActionMask = 2147483647;
			files = (
			);
			inputFileListPaths = (
				"${PODS_ROOT}/Target Support Files/Pods-TCARxSwift/Pods-TCARxSwift-frameworks-${CONFIGURATION}-input-files.xcfilelist",
			);
			name = "[CP] Embed Pods Frameworks";
			outputFileListPaths = (
				"${PODS_ROOT}/Target Support Files/Pods-TCARxSwift/Pods-TCARxSwift-frameworks-${CONFIGURATION}-output-files.xcfilelist",
			);
			runOnlyForDeploymentPostprocessing = 0;
			shellPath = /bin/sh;
			shellScript = "\"${PODS_ROOT}/Target Support Files/Pods-TCARxSwift/Pods-TCARxSwift-frameworks.sh\"\n";
			showEnvVarsInLog = 0;
		};
/* End PBXShellScriptBuildPhase section */

/* Begin PBXSourcesBuildPhase section */
		3E0D755C2AF7A32800211752 /* Sources */ = {
			isa = PBXSourcesBuildPhase;
			buildActionMask = 2147483647;
			files = (
				3E0D75682AF7A32800211752 /* ViewController.swift in Sources */,
				3E0D75642AF7A32800211752 /* AppDelegate.swift in Sources */,
				3E0D75662AF7A32800211752 /* SceneDelegate.swift in Sources */,
				3E0D757A2AF7A5F300211752 /* TestAAA.swift in Sources */,
			);
			runOnlyForDeploymentPostprocessing = 0;
		};
/* End PBXSourcesBuildPhase section */

/* Begin PBXVariantGroup section */
		3E0D75692AF7A32800211752 /* Main.storyboard */ = {
			isa = PBXVariantGroup;
			children = (
				3E0D756A2AF7A32800211752 /* Base */,
			);
			name = Main.storyboard;
			sourceTree = "<group>";
		};
		3E0D756E2AF7A32800211752 /* LaunchScreen.storyboard */ = {
			isa = PBXVariantGroup;
			children = (
				3E0D756F2AF7A32800211752 /* Base */,
			);
			name = LaunchScreen.storyboard;
			sourceTree = "<group>";
		};
/* End PBXVariantGroup section */

/* Begin XCBuildConfiguration section */
		3E0D75722AF7A32800211752 /* Debug */ = {
			isa = XCBuildConfiguration;
			buildSettings = {
				ALWAYS_SEARCH_USER_PATHS = NO;
				ASSETCATALOG_COMPILER_GENERATE_SWIFT_ASSET_SYMBOL_EXTENSIONS = YES;
				CLANG_ANALYZER_NONNULL = YES;
				CLANG_ANALYZER_NUMBER_OBJECT_CONVERSION = YES_AGGRESSIVE;
				CLANG_CXX_LANGUAGE_STANDARD = "gnu++20";
				CLANG_ENABLE_MODULES = YES;
				CLANG_ENABLE_OBJC_ARC = YES;
				CLANG_ENABLE_OBJC_WEAK = YES;
				CLANG_WARN_BLOCK_CAPTURE_AUTORELEASING = YES;
				CLANG_WARN_BOOL_CONVERSION = YES;
				CLANG_WARN_COMMA = YES;
				CLANG_WARN_CONSTANT_CONVERSION = YES;
				CLANG_WARN_DEPRECATED_OBJC_IMPLEMENTATIONS = YES;
				CLANG_WARN_DIRECT_OBJC_ISA_USAGE = YES_ERROR;
				CLANG_WARN_DOCUMENTATION_COMMENTS = YES;
				CLANG_WARN_EMPTY_BODY = YES;
				CLANG_WARN_ENUM_CONVERSION = YES;
				CLANG_WARN_INFINITE_RECURSION = YES;
				CLANG_WARN_INT_CONVERSION = YES;
				CLANG_WARN_NON_LITERAL_NULL_CONVERSION = YES;
				CLANG_WARN_OBJC_IMPLICIT_RETAIN_SELF = YES;
				CLANG_WARN_OBJC_LITERAL_CONVERSION = YES;
				CLANG_WARN_OBJC_ROOT_CLASS = YES_ERROR;
				CLANG_WARN_QUOTED_INCLUDE_IN_FRAMEWORK_HEADER = YES;
				CLANG_WARN_RANGE_LOOP_ANALYSIS = YES;
				CLANG_WARN_STRICT_PROTOTYPES = YES;
				CLANG_WARN_SUSPICIOUS_MOVE = YES;
				CLANG_WARN_UNGUARDED_AVAILABILITY = YES_AGGRESSIVE;
				CLANG_WARN_UNREACHABLE_CODE = YES;
				CLANG_WARN__DUPLICATE_METHOD_MATCH = YES;
				COPY_PHASE_STRIP = NO;
				DEBUG_INFORMATION_FORMAT = dwarf;
				ENABLE_STRICT_OBJC_MSGSEND = YES;
				ENABLE_TESTABILITY = YES;
				ENABLE_USER_SCRIPT_SANDBOXING = YES;
				GCC_C_LANGUAGE_STANDARD = gnu17;
				GCC_DYNAMIC_NO_PIC = NO;
				GCC_NO_COMMON_BLOCKS = YES;
				GCC_OPTIMIZATION_LEVEL = 0;
				GCC_PREPROCESSOR_DEFINITIONS = (
					"DEBUG=1",
					"$(inherited)",
				);
				GCC_WARN_64_TO_32_BIT_CONVERSION = YES;
				GCC_WARN_ABOUT_RETURN_TYPE = YES_ERROR;
				GCC_WARN_UNDECLARED_SELECTOR = YES;
				GCC_WARN_UNINITIALIZED_AUTOS = YES_AGGRESSIVE;
				GCC_WARN_UNUSED_FUNCTION = YES;
				GCC_WARN_UNUSED_VARIABLE = YES;
				IPHONEOS_DEPLOYMENT_TARGET = 17.0;
				LOCALIZATION_PREFERS_STRING_CATALOGS = YES;
				MTL_ENABLE_DEBUG_INFO = INCLUDE_SOURCE;
				MTL_FAST_MATH = YES;
				ONLY_ACTIVE_ARCH = YES;
				SDKROOT = iphoneos;
				SWIFT_ACTIVE_COMPILATION_CONDITIONS = "DEBUG $(inherited)";
				SWIFT_OPTIMIZATION_LEVEL = "-Onone";
			};
			name = Debug;
		};
		3E0D75732AF7A32800211752 /* Release */ = {
			isa = XCBuildConfiguration;
			buildSettings = {
				ALWAYS_SEARCH_USER_PATHS = NO;
				ASSETCATALOG_COMPILER_GENERATE_SWIFT_ASSET_SYMBOL_EXTENSIONS = YES;
				CLANG_ANALYZER_NONNULL = YES;
				CLANG_ANALYZER_NUMBER_OBJECT_CONVERSION = YES_AGGRESSIVE;
				CLANG_CXX_LANGUAGE_STANDARD = "gnu++20";
				CLANG_ENABLE_MODULES = YES;
				CLANG_ENABLE_OBJC_ARC = YES;
				CLANG_ENABLE_OBJC_WEAK = YES;
				CLANG_WARN_BLOCK_CAPTURE_AUTORELEASING = YES;
				CLANG_WARN_BOOL_CONVERSION = YES;
				CLANG_WARN_COMMA = YES;
				CLANG_WARN_CONSTANT_CONVERSION = YES;
				CLANG_WARN_DEPRECATED_OBJC_IMPLEMENTATIONS = YES;
				CLANG_WARN_DIRECT_OBJC_ISA_USAGE = YES_ERROR;
				CLANG_WARN_DOCUMENTATION_COMMENTS = YES;
				CLANG_WARN_EMPTY_BODY = YES;
				CLANG_WARN_ENUM_CONVERSION = YES;
				CLANG_WARN_INFINITE_RECURSION = YES;
				CLANG_WARN_INT_CONVERSION = YES;
				CLANG_WARN_NON_LITERAL_NULL_CONVERSION = YES;
				CLANG_WARN_OBJC_IMPLICIT_RETAIN_SELF = YES;
				CLANG_WARN_OBJC_LITERAL_CONVERSION = YES;
				CLANG_WARN_OBJC_ROOT_CLASS = YES_ERROR;
				CLANG_WARN_QUOTED_INCLUDE_IN_FRAMEWORK_HEADER = YES;
				CLANG_WARN_RANGE_LOOP_ANALYSIS = YES;
				CLANG_WARN_STRICT_PROTOTYPES = YES;
				CLANG_WARN_SUSPICIOUS_MOVE = YES;
				CLANG_WARN_UNGUARDED_AVAILABILITY = YES_AGGRESSIVE;
				CLANG_WARN_UNREACHABLE_CODE = YES;
				CLANG_WARN__DUPLICATE_METHOD_MATCH = YES;
				COPY_PHASE_STRIP = NO;
				DEBUG_INFORMATION_FORMAT = "dwarf-with-dsym";
				ENABLE_NS_ASSERTIONS = NO;
				ENABLE_STRICT_OBJC_MSGSEND = YES;
				ENABLE_USER_SCRIPT_SANDBOXING = YES;
				GCC_C_LANGUAGE_STANDARD = gnu17;
				GCC_NO_COMMON_BLOCKS = YES;
				GCC_WARN_64_TO_32_BIT_CONVERSION = YES;
				GCC_WARN_ABOUT_RETURN_TYPE = YES_ERROR;
				GCC_WARN_UNDECLARED_SELECTOR = YES;
				GCC_WARN_UNINITIALIZED_AUTOS = YES_AGGRESSIVE;
				GCC_WARN_UNUSED_FUNCTION = YES;
				GCC_WARN_UNUSED_VARIABLE = YES;
				IPHONEOS_DEPLOYMENT_TARGET = 17.0;
				LOCALIZATION_PREFERS_STRING_CATALOGS = YES;
				MTL_ENABLE_DEBUG_INFO = NO;
				MTL_FAST_MATH = YES;
				SDKROOT = iphoneos;
				SWIFT_COMPILATION_MODE = wholemodule;
				VALIDATE_PRODUCT = YES;
			};
			name = Release;
		};
		3E0D75752AF7A32800211752 /* Debug */ = {
			isa = XCBuildConfiguration;
			baseConfigurationReference = 5CC862EBA36BBB4DC62B396F /* Pods-TCARxSwift.debug.xcconfig */;
			buildSettings = {
				ASSETCATALOG_COMPILER_APPICON_NAME = AppIcon;
				ASSETCATALOG_COMPILER_GLOBAL_ACCENT_COLOR_NAME = AccentColor;
				CODE_SIGN_STYLE = Automatic;
				CURRENT_PROJECT_VERSION = 1;
				DEVELOPMENT_TEAM = 7X6CSKVAS2;
				GENERATE_INFOPLIST_FILE = YES;
				INFOPLIST_FILE = TCARxSwift/Info.plist;
				INFOPLIST_KEY_UIApplicationSupportsIndirectInputEvents = YES;
				INFOPLIST_KEY_UILaunchStoryboardName = LaunchScreen;
				INFOPLIST_KEY_UIMainStoryboardFile = Main;
				INFOPLIST_KEY_UISupportedInterfaceOrientations_iPad = "UIInterfaceOrientationPortrait UIInterfaceOrientationPortraitUpsideDown UIInterfaceOrientationLandscapeLeft UIInterfaceOrientationLandscapeRight";
				INFOPLIST_KEY_UISupportedInterfaceOrientations_iPhone = "UIInterfaceOrientationPortrait UIInterfaceOrientationLandscapeLeft UIInterfaceOrientationLandscapeRight";
				LD_RUNPATH_SEARCH_PATHS = (
					"$(inherited)",
					"@executable_path/Frameworks",
				);
				MARKETING_VERSION = 0.1.9;
				PRODUCT_BUNDLE_IDENTIFIER = com.tk1.TCARxSwift;
				PRODUCT_NAME = "$(TARGET_NAME)";
				SWIFT_EMIT_LOC_STRINGS = YES;
				SWIFT_VERSION = 5.0;
				TARGETED_DEVICE_FAMILY = "1,2";
			};
			name = Debug;
		};
		3E0D75762AF7A32800211752 /* Release */ = {
			isa = XCBuildConfiguration;
			baseConfigurationReference = 54A70F673B7C310146A124D4 /* Pods-TCARxSwift.release.xcconfig */;
			buildSettings = {
				ASSETCATALOG_COMPILER_APPICON_NAME = AppIcon;
				ASSETCATALOG_COMPILER_GLOBAL_ACCENT_COLOR_NAME = AccentColor;
				CODE_SIGN_STYLE = Automatic;
				CURRENT_PROJECT_VERSION = 1;
				DEVELOPMENT_TEAM = 7X6CSKVAS2;
				GENERATE_INFOPLIST_FILE = YES;
				INFOPLIST_FILE = TCARxSwift/Info.plist;
				INFOPLIST_KEY_UIApplicationSupportsIndirectInputEvents = YES;
				INFOPLIST_KEY_UILaunchStoryboardName = LaunchScreen;
				INFOPLIST_KEY_UIMainStoryboardFile = Main;
				INFOPLIST_KEY_UISupportedInterfaceOrientations_iPad = "UIInterfaceOrientationPortrait UIInterfaceOrientationPortraitUpsideDown UIInterfaceOrientationLandscapeLeft UIInterfaceOrientationLandscapeRight";
				INFOPLIST_KEY_UISupportedInterfaceOrientations_iPhone = "UIInterfaceOrientationPortrait UIInterfaceOrientationLandscapeLeft UIInterfaceOrientationLandscapeRight";
				LD_RUNPATH_SEARCH_PATHS = (
					"$(inherited)",
					"@executable_path/Frameworks",
				);
				MARKETING_VERSION = 0.1.9;
				PRODUCT_BUNDLE_IDENTIFIER = com.tk1.TCARxSwift;
				PRODUCT_NAME = "$(TARGET_NAME)";
				SWIFT_EMIT_LOC_STRINGS = YES;
				SWIFT_VERSION = 5.0;
				TARGETED_DEVICE_FAMILY = "1,2";
			};
			name = Release;
		};
/* End XCBuildConfiguration section */

/* Begin XCConfigurationList section */
		3E0D755B2AF7A32800211752 /* Build configuration list for PBXProject "TCARxSwift" */ = {
			isa = XCConfigurationList;
			buildConfigurations = (
				3E0D75722AF7A32800211752 /* Debug */,
				3E0D75732AF7A32800211752 /* Release */,
			);
			defaultConfigurationIsVisible = 0;
			defaultConfigurationName = Release;
		};
		3E0D75742AF7A32800211752 /* Build configuration list for PBXNativeTarget "TCARxSwift" */ = {
			isa = XCConfigurationList;
			buildConfigurations = (
				3E0D75752AF7A32800211752 /* Debug */,
				3E0D75762AF7A32800211752 /* Release */,
			);
			defaultConfigurationIsVisible = 0;
			defaultConfigurationName = Release;
		};
/* End XCConfigurationList section */
	};
	rootObject = 3E0D75582AF7A32800211752 /* Project object */;
}
