// !$*UTF8*$!
{
	archiveVersion = 1;
	classes = {
	};
	objectVersion = 56;
	objects = {

/* Begin PBXBuildFile section */
		2E392B07045A6988F9C08990 /* Pods_TCARxSwift.framework in Frameworks */ = {isa = PBXBuildFile; fileRef = 1F0123C2CC472D5EEECA4FDB /* Pods_TCARxSwift.framework */; };
		3EA851F82AF78B2400463B44 /* AppDelegate.swift in Sources */ = {isa = PBXBuildFile; fileRef = 3EA851F72AF78B2400463B44 /* AppDelegate.swift */; };
		3EA851FA2AF78B2400463B44 /* SceneDelegate.swift in Sources */ = {isa = PBXBuildFile; fileRef = 3EA851F92AF78B2400463B44 /* SceneDelegate.swift */; };
		3EA851FC2AF78B2400463B44 /* ViewController.swift in Sources */ = {isa = PBXBuildFile; fileRef = 3EA851FB2AF78B2400463B44 /* ViewController.swift */; };
		3EA851FF2AF78B2400463B44 /* Main.storyboard in Resources */ = {isa = PBXBuildFile; fileRef = 3EA851FD2AF78B2400463B44 /* Main.storyboard */; };
		3EA852012AF78B2500463B44 /* Assets.xcassets in Resources */ = {isa = PBXBuildFile; fileRef = 3EA852002AF78B2500463B44 /* Assets.xcassets */; };
		3EA852042AF78B2500463B44 /* LaunchScreen.storyboard in Resources */ = {isa = PBXBuildFile; fileRef = 3EA852022AF78B2500463B44 /* LaunchScreen.storyboard */; };
		3EA8520C2AF78B7200463B44 /* TCARxSwift.podspec in Resources */ = {isa = PBXBuildFile; fileRef = 3EA8520B2AF78B7200463B44 /* TCARxSwift.podspec */; };
		3EA8520F2AF78D1100463B44 /* TestAAG.swift in Sources */ = {isa = PBXBuildFile; fileRef = 3EA8520E2AF78D1100463B44 /* TestAAG.swift */; };
/* End PBXBuildFile section */

/* Begin PBXFileReference section */
		1F0123C2CC472D5EEECA4FDB /* Pods_TCARxSwift.framework */ = {isa = PBXFileReference; explicitFileType = wrapper.framework; includeInIndex = 0; path = Pods_TCARxSwift.framework; sourceTree = BUILT_PRODUCTS_DIR; };
		3EA851F42AF78B2400463B44 /* TCARxSwift.app */ = {isa = PBXFileReference; explicitFileType = wrapper.application; includeInIndex = 0; path = TCARxSwift.app; sourceTree = BUILT_PRODUCTS_DIR; };
		3EA851F72AF78B2400463B44 /* AppDelegate.swift */ = {isa = PBXFileReference; lastKnownFileType = sourcecode.swift; path = AppDelegate.swift; sourceTree = "<group>"; };
		3EA851F92AF78B2400463B44 /* SceneDelegate.swift */ = {isa = PBXFileReference; lastKnownFileType = sourcecode.swift; path = SceneDelegate.swift; sourceTree = "<group>"; };
		3EA851FB2AF78B2400463B44 /* ViewController.swift */ = {isa = PBXFileReference; lastKnownFileType = sourcecode.swift; path = ViewController.swift; sourceTree = "<group>"; };
		3EA851FE2AF78B2400463B44 /* Base */ = {isa = PBXFileReference; lastKnownFileType = file.storyboard; name = Base; path = Base.lproj/Main.storyboard; sourceTree = "<group>"; };
		3EA852002AF78B2500463B44 /* Assets.xcassets */ = {isa = PBXFileReference; lastKnownFileType = folder.assetcatalog; path = Assets.xcassets; sourceTree = "<group>"; };
		3EA852032AF78B2500463B44 /* Base */ = {isa = PBXFileReference; lastKnownFileType = file.storyboard; name = Base; path = Base.lproj/LaunchScreen.storyboard; sourceTree = "<group>"; };
		3EA852052AF78B2500463B44 /* Info.plist */ = {isa = PBXFileReference; lastKnownFileType = text.plist.xml; path = Info.plist; sourceTree = "<group>"; };
		3EA8520B2AF78B7200463B44 /* TCARxSwift.podspec */ = {isa = PBXFileReference; fileEncoding = 4; lastKnownFileType = text; path = TCARxSwift.podspec; sourceTree = "<group>"; };
		3EA8520E2AF78D1100463B44 /* TestAAG.swift */ = {isa = PBXFileReference; lastKnownFileType = sourcecode.swift; path = TestAAG.swift; sourceTree = SOURCE_ROOT; };
		CBF600AF9F4037BC1AA91AE2 /* Pods-TCARxSwift.release.xcconfig */ = {isa = PBXFileReference; includeInIndex = 1; lastKnownFileType = text.xcconfig; name = "Pods-TCARxSwift.release.xcconfig"; path = "Target Support Files/Pods-TCARxSwift/Pods-TCARxSwift.release.xcconfig"; sourceTree = "<group>"; };
		DFEA5A2D6A5B50AA7CAB6409 /* Pods-TCARxSwift.debug.xcconfig */ = {isa = PBXFileReference; includeInIndex = 1; lastKnownFileType = text.xcconfig; name = "Pods-TCARxSwift.debug.xcconfig"; path = "Target Support Files/Pods-TCARxSwift/Pods-TCARxSwift.debug.xcconfig"; sourceTree = "<group>"; };
/* End PBXFileReference section */

/* Begin PBXFrameworksBuildPhase section */
		3EA851F12AF78B2400463B44 /* Frameworks */ = {
			isa = PBXFrameworksBuildPhase;
			buildActionMask = 2147483647;
			files = (
				2E392B07045A6988F9C08990 /* Pods_TCARxSwift.framework in Frameworks */,
			);
			runOnlyForDeploymentPostprocessing = 0;
		};
/* End PBXFrameworksBuildPhase section */

/* Begin PBXGroup section */
		048ABB5B1E8E2386119B1504 /* Pods */ = {
			isa = PBXGroup;
			children = (
				DFEA5A2D6A5B50AA7CAB6409 /* Pods-TCARxSwift.debug.xcconfig */,
				CBF600AF9F4037BC1AA91AE2 /* Pods-TCARxSwift.release.xcconfig */,
			);
			path = Pods;
			sourceTree = "<group>";
		};
		0DF0DFF30E786CC53209BBA3 /* Frameworks */ = {
			isa = PBXGroup;
			children = (
				1F0123C2CC472D5EEECA4FDB /* Pods_TCARxSwift.framework */,
			);
			name = Frameworks;
			sourceTree = "<group>";
		};
		3EA851EB2AF78B2400463B44 = {
			isa = PBXGroup;
			children = (
				3EA8520B2AF78B7200463B44 /* TCARxSwift.podspec */,
				3EA851F62AF78B2400463B44 /* TCARxSwift */,
				3EA851F52AF78B2400463B44 /* Products */,
				048ABB5B1E8E2386119B1504 /* Pods */,
				0DF0DFF30E786CC53209BBA3 /* Frameworks */,
			);
			sourceTree = "<group>";
		};
		3EA851F52AF78B2400463B44 /* Products */ = {
			isa = PBXGroup;
			children = (
				3EA851F42AF78B2400463B44 /* TCARxSwift.app */,
			);
			name = Products;
			sourceTree = "<group>";
		};
		3EA851F62AF78B2400463B44 /* TCARxSwift */ = {
			isa = PBXGroup;
			children = (
				3EA8520D2AF78D0900463B44 /* Sources */,
				3EA851F72AF78B2400463B44 /* AppDelegate.swift */,
				3EA851F92AF78B2400463B44 /* SceneDelegate.swift */,
				3EA851FB2AF78B2400463B44 /* ViewController.swift */,
				3EA851FD2AF78B2400463B44 /* Main.storyboard */,
				3EA852002AF78B2500463B44 /* Assets.xcassets */,
				3EA852022AF78B2500463B44 /* LaunchScreen.storyboard */,
				3EA852052AF78B2500463B44 /* Info.plist */,
			);
			path = TCARxSwift;
			sourceTree = "<group>";
		};
		3EA8520D2AF78D0900463B44 /* Sources */ = {
			isa = PBXGroup;
			children = (
				3EA8520E2AF78D1100463B44 /* TestAAG.swift */,
			);
			path = Sources;
			sourceTree = "<group>";
		};
/* End PBXGroup section */

/* Begin PBXNativeTarget section */
		3EA851F32AF78B2400463B44 /* TCARxSwift */ = {
			isa = PBXNativeTarget;
			buildConfigurationList = 3EA852082AF78B2500463B44 /* Build configuration list for PBXNativeTarget "TCARxSwift" */;
			buildPhases = (
				F55AF7DE356C16DE2B9D3851 /* [CP] Check Pods Manifest.lock */,
				3EA851F02AF78B2400463B44 /* Sources */,
				3EA851F12AF78B2400463B44 /* Frameworks */,
				3EA851F22AF78B2400463B44 /* Resources */,
			);
			buildRules = (
			);
			dependencies = (
			);
			name = TCARxSwift;
			productName = TCARxSwift;
			productReference = 3EA851F42AF78B2400463B44 /* TCARxSwift.app */;
			productType = "com.apple.product-type.application";
		};
/* End PBXNativeTarget section */

/* Begin PBXProject section */
		3EA851EC2AF78B2400463B44 /* Project object */ = {
			isa = PBXProject;
			attributes = {
				BuildIndependentTargetsInParallel = 1;
				LastSwiftUpdateCheck = 1500;
				LastUpgradeCheck = 1500;
				TargetAttributes = {
					3EA851F32AF78B2400463B44 = {
						CreatedOnToolsVersion = 15.0.1;
					};
				};
			};
			buildConfigurationList = 3EA851EF2AF78B2400463B44 /* Build configuration list for PBXProject "TCARxSwift" */;
			compatibilityVersion = "Xcode 14.0";
			developmentRegion = en;
			hasScannedForEncodings = 0;
			knownRegions = (
				en,
				Base,
			);
			mainGroup = 3EA851EB2AF78B2400463B44;
			productRefGroup = 3EA851F52AF78B2400463B44 /* Products */;
			projectDirPath = "";
			projectRoot = "";
			targets = (
				3EA851F32AF78B2400463B44 /* TCARxSwift */,
			);
		};
/* End PBXProject section */

/* Begin PBXResourcesBuildPhase section */
		3EA851F22AF78B2400463B44 /* Resources */ = {
			isa = PBXResourcesBuildPhase;
			buildActionMask = 2147483647;
			files = (
				3EA852042AF78B2500463B44 /* LaunchScreen.storyboard in Resources */,
				3EA8520C2AF78B7200463B44 /* TCARxSwift.podspec in Resources */,
				3EA852012AF78B2500463B44 /* Assets.xcassets in Resources */,
				3EA851FF2AF78B2400463B44 /* Main.storyboard in Resources */,
			);
			runOnlyForDeploymentPostprocessing = 0;
		};
/* End PBXResourcesBuildPhase section */

/* Begin PBXShellScriptBuildPhase section */
		F55AF7DE356C16DE2B9D3851 /* [CP] Check Pods Manifest.lock */ = {
			isa = PBXShellScriptBuildPhase;
			buildActionMask = 2147483647;
			files = (
			);
			inputFileListPaths = (
			);
			inputPaths = (
				"${PODS_PODFILE_DIR_PATH}/Podfile.lock",
				"${PODS_ROOT}/Manifest.lock",
			);
			name = "[CP] Check Pods Manifest.lock";
			outputFileListPaths = (
			);
			outputPaths = (
				"$(DERIVED_FILE_DIR)/Pods-TCARxSwift-checkManifestLockResult.txt",
			);
			runOnlyForDeploymentPostprocessing = 0;
			shellPath = /bin/sh;
			shellScript = "diff \"${PODS_PODFILE_DIR_PATH}/Podfile.lock\" \"${PODS_ROOT}/Manifest.lock\" > /dev/null\nif [ $? != 0 ] ; then\n    # print error to STDERR\n    echo \"error: The sandbox is not in sync with the Podfile.lock. Run 'pod install' or update your CocoaPods installation.\" >&2\n    exit 1\nfi\n# This output is used by Xcode 'outputs' to avoid re-running this script phase.\necho \"SUCCESS\" > \"${SCRIPT_OUTPUT_FILE_0}\"\n";
			showEnvVarsInLog = 0;
		};
/* End PBXShellScriptBuildPhase section */

/* Begin PBXSourcesBuildPhase section */
		3EA851F02AF78B2400463B44 /* Sources */ = {
			isa = PBXSourcesBuildPhase;
			buildActionMask = 2147483647;
			files = (
				3EA851FC2AF78B2400463B44 /* ViewController.swift in Sources */,
				3EA8520F2AF78D1100463B44 /* TestAAG.swift in Sources */,
				3EA851F82AF78B2400463B44 /* AppDelegate.swift in Sources */,
				3EA851FA2AF78B2400463B44 /* SceneDelegate.swift in Sources */,
			);
			runOnlyForDeploymentPostprocessing = 0;
		};
/* End PBXSourcesBuildPhase section */

/* Begin PBXVariantGroup section */
		3EA851FD2AF78B2400463B44 /* Main.storyboard */ = {
			isa = PBXVariantGroup;
			children = (
				3EA851FE2AF78B2400463B44 /* Base */,
			);
			name = Main.storyboard;
			sourceTree = "<group>";
		};
		3EA852022AF78B2500463B44 /* LaunchScreen.storyboard */ = {
			isa = PBXVariantGroup;
			children = (
				3EA852032AF78B2500463B44 /* Base */,
			);
			name = LaunchScreen.storyboard;
			sourceTree = "<group>";
		};
/* End PBXVariantGroup section */

/* Begin XCBuildConfiguration section */
		3EA852062AF78B2500463B44 /* Debug */ = {
			isa = XCBuildConfiguration;
			buildSettings = {
				ALWAYS_SEARCH_USER_PATHS = NO;
				ASSETCATALOG_COMPILER_GENERATE_SWIFT_ASSET_SYMBOL_EXTENSIONS = YES;
				CLANG_ANALYZER_NONNULL = YES;
				CLANG_ANALYZER_NUMBER_OBJECT_CONVERSION = YES_AGGRESSIVE;
				CLANG_CXX_LANGUAGE_STANDARD = "gnu++20";
				CLANG_ENABLE_MODULES = YES;
				CLANG_ENABLE_OBJC_ARC = YES;
				CLANG_ENABLE_OBJC_WEAK = YES;
				CLANG_WARN_BLOCK_CAPTURE_AUTORELEASING = YES;
				CLANG_WARN_BOOL_CONVERSION = YES;
				CLANG_WARN_COMMA = YES;
				CLANG_WARN_CONSTANT_CONVERSION = YES;
				CLANG_WARN_DEPRECATED_OBJC_IMPLEMENTATIONS = YES;
				CLANG_WARN_DIRECT_OBJC_ISA_USAGE = YES_ERROR;
				CLANG_WARN_DOCUMENTATION_COMMENTS = YES;
				CLANG_WARN_EMPTY_BODY = YES;
				CLANG_WARN_ENUM_CONVERSION = YES;
				CLANG_WARN_INFINITE_RECURSION = YES;
				CLANG_WARN_INT_CONVERSION = YES;
				CLANG_WARN_NON_LITERAL_NULL_CONVERSION = YES;
				CLANG_WARN_OBJC_IMPLICIT_RETAIN_SELF = YES;
				CLANG_WARN_OBJC_LITERAL_CONVERSION = YES;
				CLANG_WARN_OBJC_ROOT_CLASS = YES_ERROR;
				CLANG_WARN_QUOTED_INCLUDE_IN_FRAMEWORK_HEADER = YES;
				CLANG_WARN_RANGE_LOOP_ANALYSIS = YES;
				CLANG_WARN_STRICT_PROTOTYPES = YES;
				CLANG_WARN_SUSPICIOUS_MOVE = YES;
				CLANG_WARN_UNGUARDED_AVAILABILITY = YES_AGGRESSIVE;
				CLANG_WARN_UNREACHABLE_CODE = YES;
				CLANG_WARN__DUPLICATE_METHOD_MATCH = YES;
				COPY_PHASE_STRIP = NO;
				DEBUG_INFORMATION_FORMAT = dwarf;
				ENABLE_STRICT_OBJC_MSGSEND = YES;
				ENABLE_TESTABILITY = YES;
				ENABLE_USER_SCRIPT_SANDBOXING = YES;
				GCC_C_LANGUAGE_STANDARD = gnu17;
				GCC_DYNAMIC_NO_PIC = NO;
				GCC_NO_COMMON_BLOCKS = YES;
				GCC_OPTIMIZATION_LEVEL = 0;
				GCC_PREPROCESSOR_DEFINITIONS = (
					"DEBUG=1",
					"$(inherited)",
				);
				GCC_WARN_64_TO_32_BIT_CONVERSION = YES;
				GCC_WARN_ABOUT_RETURN_TYPE = YES_ERROR;
				GCC_WARN_UNDECLARED_SELECTOR = YES;
				GCC_WARN_UNINITIALIZED_AUTOS = YES_AGGRESSIVE;
				GCC_WARN_UNUSED_FUNCTION = YES;
				GCC_WARN_UNUSED_VARIABLE = YES;
				IPHONEOS_DEPLOYMENT_TARGET = 14.0;
				LOCALIZATION_PREFERS_STRING_CATALOGS = YES;
				MTL_ENABLE_DEBUG_INFO = INCLUDE_SOURCE;
				MTL_FAST_MATH = YES;
				ONLY_ACTIVE_ARCH = YES;
				SDKROOT = iphoneos;
				SWIFT_ACTIVE_COMPILATION_CONDITIONS = "DEBUG $(inherited)";
				SWIFT_OPTIMIZATION_LEVEL = "-Onone";
			};
			name = Debug;
		};
		3EA852072AF78B2500463B44 /* Release */ = {
			isa = XCBuildConfiguration;
			buildSettings = {
				ALWAYS_SEARCH_USER_PATHS = NO;
				ASSETCATALOG_COMPILER_GENERATE_SWIFT_ASSET_SYMBOL_EXTENSIONS = YES;
				CLANG_ANALYZER_NONNULL = YES;
				CLANG_ANALYZER_NUMBER_OBJECT_CONVERSION = YES_AGGRESSIVE;
				CLANG_CXX_LANGUAGE_STANDARD = "gnu++20";
				CLANG_ENABLE_MODULES = YES;
				CLANG_ENABLE_OBJC_ARC = YES;
				CLANG_ENABLE_OBJC_WEAK = YES;
				CLANG_WARN_BLOCK_CAPTURE_AUTORELEASING = YES;
				CLANG_WARN_BOOL_CONVERSION = YES;
				CLANG_WARN_COMMA = YES;
				CLANG_WARN_CONSTANT_CONVERSION = YES;
				CLANG_WARN_DEPRECATED_OBJC_IMPLEMENTATIONS = YES;
				CLANG_WARN_DIRECT_OBJC_ISA_USAGE = YES_ERROR;
				CLANG_WARN_DOCUMENTATION_COMMENTS = YES;
				CLANG_WARN_EMPTY_BODY = YES;
				CLANG_WARN_ENUM_CONVERSION = YES;
				CLANG_WARN_INFINITE_RECURSION = YES;
				CLANG_WARN_INT_CONVERSION = YES;
				CLANG_WARN_NON_LITERAL_NULL_CONVERSION = YES;
				CLANG_WARN_OBJC_IMPLICIT_RETAIN_SELF = YES;
				CLANG_WARN_OBJC_LITERAL_CONVERSION = YES;
				CLANG_WARN_OBJC_ROOT_CLASS = YES_ERROR;
				CLANG_WARN_QUOTED_INCLUDE_IN_FRAMEWORK_HEADER = YES;
				CLANG_WARN_RANGE_LOOP_ANALYSIS = YES;
				CLANG_WARN_STRICT_PROTOTYPES = YES;
				CLANG_WARN_SUSPICIOUS_MOVE = YES;
				CLANG_WARN_UNGUARDED_AVAILABILITY = YES_AGGRESSIVE;
				CLANG_WARN_UNREACHABLE_CODE = YES;
				CLANG_WARN__DUPLICATE_METHOD_MATCH = YES;
				COPY_PHASE_STRIP = NO;
				DEBUG_INFORMATION_FORMAT = "dwarf-with-dsym";
				ENABLE_NS_ASSERTIONS = NO;
				ENABLE_STRICT_OBJC_MSGSEND = YES;
				ENABLE_USER_SCRIPT_SANDBOXING = YES;
				GCC_C_LANGUAGE_STANDARD = gnu17;
				GCC_NO_COMMON_BLOCKS = YES;
				GCC_WARN_64_TO_32_BIT_CONVERSION = YES;
				GCC_WARN_ABOUT_RETURN_TYPE = YES_ERROR;
				GCC_WARN_UNDECLARED_SELECTOR = YES;
				GCC_WARN_UNINITIALIZED_AUTOS = YES_AGGRESSIVE;
				GCC_WARN_UNUSED_FUNCTION = YES;
				GCC_WARN_UNUSED_VARIABLE = YES;
				IPHONEOS_DEPLOYMENT_TARGET = 14.0;
				LOCALIZATION_PREFERS_STRING_CATALOGS = YES;
				MTL_ENABLE_DEBUG_INFO = NO;
				MTL_FAST_MATH = YES;
				SDKROOT = iphoneos;
				SWIFT_COMPILATION_MODE = wholemodule;
				VALIDATE_PRODUCT = YES;
			};
			name = Release;
		};
		3EA852092AF78B2500463B44 /* Debug */ = {
			isa = XCBuildConfiguration;
			baseConfigurationReference = DFEA5A2D6A5B50AA7CAB6409 /* Pods-TCARxSwift.debug.xcconfig */;
			buildSettings = {
				ASSETCATALOG_COMPILER_APPICON_NAME = AppIcon;
				ASSETCATALOG_COMPILER_GLOBAL_ACCENT_COLOR_NAME = AccentColor;
				CODE_SIGN_STYLE = Automatic;
				CURRENT_PROJECT_VERSION = 1;
				DEVELOPMENT_TEAM = 7X6CSKVAS2;
				GENERATE_INFOPLIST_FILE = YES;
				INFOPLIST_FILE = TCARxSwift/Info.plist;
				INFOPLIST_KEY_UIApplicationSupportsIndirectInputEvents = YES;
				INFOPLIST_KEY_UILaunchStoryboardName = LaunchScreen;
				INFOPLIST_KEY_UIMainStoryboardFile = Main;
				INFOPLIST_KEY_UISupportedInterfaceOrientations_iPad = "UIInterfaceOrientationPortrait UIInterfaceOrientationPortraitUpsideDown UIInterfaceOrientationLandscapeLeft UIInterfaceOrientationLandscapeRight";
				INFOPLIST_KEY_UISupportedInterfaceOrientations_iPhone = "UIInterfaceOrientationPortrait UIInterfaceOrientationLandscapeLeft UIInterfaceOrientationLandscapeRight";
				IPHONEOS_DEPLOYMENT_TARGET = 14.0;
				LD_RUNPATH_SEARCH_PATHS = (
					"$(inherited)",
					"@executable_path/Frameworks",
				);
				MARKETING_VERSION = 0.1.4;
				PRODUCT_BUNDLE_IDENTIFIER = com.tk1.TCARxSwift;
				PRODUCT_NAME = "$(TARGET_NAME)";
				SWIFT_EMIT_LOC_STRINGS = YES;
				SWIFT_VERSION = 5.0;
				TARGETED_DEVICE_FAMILY = "1,2";
			};
			name = Debug;
		};
		3EA8520A2AF78B2500463B44 /* Release */ = {
			isa = XCBuildConfiguration;
			baseConfigurationReference = CBF600AF9F4037BC1AA91AE2 /* Pods-TCARxSwift.release.xcconfig */;
			buildSettings = {
				ASSETCATALOG_COMPILER_APPICON_NAME = AppIcon;
				ASSETCATALOG_COMPILER_GLOBAL_ACCENT_COLOR_NAME = AccentColor;
				CODE_SIGN_STYLE = Automatic;
				CURRENT_PROJECT_VERSION = 1;
				DEVELOPMENT_TEAM = 7X6CSKVAS2;
				GENERATE_INFOPLIST_FILE = YES;
				INFOPLIST_FILE = TCARxSwift/Info.plist;
				INFOPLIST_KEY_UIApplicationSupportsIndirectInputEvents = YES;
				INFOPLIST_KEY_UILaunchStoryboardName = LaunchScreen;
				INFOPLIST_KEY_UIMainStoryboardFile = Main;
				INFOPLIST_KEY_UISupportedInterfaceOrientations_iPad = "UIInterfaceOrientationPortrait UIInterfaceOrientationPortraitUpsideDown UIInterfaceOrientationLandscapeLeft UIInterfaceOrientationLandscapeRight";
				INFOPLIST_KEY_UISupportedInterfaceOrientations_iPhone = "UIInterfaceOrientationPortrait UIInterfaceOrientationLandscapeLeft UIInterfaceOrientationLandscapeRight";
				IPHONEOS_DEPLOYMENT_TARGET = 14.0;
				LD_RUNPATH_SEARCH_PATHS = (
					"$(inherited)",
					"@executable_path/Frameworks",
				);
				MARKETING_VERSION = 0.1.4;
				PRODUCT_BUNDLE_IDENTIFIER = com.tk1.TCARxSwift;
				PRODUCT_NAME = "$(TARGET_NAME)";
				SWIFT_EMIT_LOC_STRINGS = YES;
				SWIFT_VERSION = 5.0;
				TARGETED_DEVICE_FAMILY = "1,2";
			};
			name = Release;
		};
/* End XCBuildConfiguration section */

/* Begin XCConfigurationList section */
		3EA851EF2AF78B2400463B44 /* Build configuration list for PBXProject "TCARxSwift" */ = {
			isa = XCConfigurationList;
			buildConfigurations = (
				3EA852062AF78B2500463B44 /* Debug */,
				3EA852072AF78B2500463B44 /* Release */,
			);
			defaultConfigurationIsVisible = 0;
			defaultConfigurationName = Release;
		};
		3EA852082AF78B2500463B44 /* Build configuration list for PBXNativeTarget "TCARxSwift" */ = {
			isa = XCConfigurationList;
			buildConfigurations = (
				3EA852092AF78B2500463B44 /* Debug */,
				3EA8520A2AF78B2500463B44 /* Release */,
			);
			defaultConfigurationIsVisible = 0;
			defaultConfigurationName = Release;
		};
/* End XCConfigurationList section */
	};
	rootObject = 3EA851EC2AF78B2400463B44 /* Project object */;
}
